PODS:
  - TensorFlowLiteC (2.17.0):
    - TensorFlowLiteC/Core (= 2.17.0)
  - TensorFlowLiteC/Core (2.17.0)
  - TensorFlowLiteC/CoreML (2.17.0):
    - TensorFlowLiteC/Core
  - TensorFlowLiteC/Metal (2.17.0):
    - TensorFlowLiteC/Core
  - TensorFlowLiteObjC (2.17.0):
    - TensorFlowLiteObjC/Core (= 2.17.0)
  - TensorFlowLiteObjC/Core (2.17.0):
    - TensorFlowLiteC (= 2.17.0)
    - TensorFlowLiteObjC/Privacy (= 2.17.0)
  - TensorFlowLiteObjC/CoreML (2.17.0):
    - TensorFlowLiteC/CoreML (= 2.17.0)
    - TensorFlowLiteObjC/Core (= 2.17.0)
    - TensorFlowLiteObjC/Privacy (= 2.17.0)
  - TensorFlowLiteObjC/Metal (2.17.0):
    - TensorFlowLiteC/Metal (= 2.17.0)
    - TensorFlowLiteObjC/Core (= 2.17.0)
    - TensorFlowLiteObjC/Privacy (= 2.17.0)
  - TensorFlowLiteObjC/Privacy (2.17.0)

DEPENDENCIES:
  - TensorFlowLiteObjC
  - TensorFlowLiteObjC/CoreML
  - TensorFlowLiteObjC/Metal

SPEC REPOS:
  trunk:
    - TensorFlowLiteC
    - TensorFlowLiteObjC

SPEC CHECKSUMS:
  TensorFlowLiteC: eac6d689a8d391d1b202dc59e3d9165ba64aaf73
  TensorFlowLiteObjC: 72e1fa903465cd6a8d3d614c1474c5aad7635bb7

PODFILE CHECKSUM: f50b659570b4639bd486d9adb6f941e34372c86a

COCOAPODS: 1.16.2
